
Microsoft Visual Studio Solution File, Format Version 12.00
# Visual Studio Version 17
VisualStudioVersion = 17.14.36310.24 d17.14
MinimumVisualStudioVersion = 10.0.40219.1
Project("{FAE04EC0-301F-11D3-BF4B-00C04F79EFBC}") = "UI", "UI\UI.csproj", "{BDD23128-4F54-4007-B5BB-AF833809172C}"
EndProject
Global
	GlobalSection(SolutionConfigurationPlatforms) = preSolution
		Debug|Any CPU = Debug|Any CPU
		Release|Any CPU = Release|Any CPU
	EndGlobalSection
	GlobalSection(ProjectConfigurationPlatforms) = postSolution
		{BDD23128-4F54-4007-B5BB-AF833809172C}.Debug|Any CPU.ActiveCfg = Debug|Any CPU
		{BDD23128-4F54-4007-B5BB-AF833809172C}.Debug|Any CPU.Build.0 = Debug|Any CPU
		{BDD23128-4F54-4007-B5BB-AF833809172C}.Release|Any CPU.ActiveCfg = Release|Any CPU
		{BDD23128-4F54-4007-B5BB-AF833809172C}.Release|Any CPU.Build.0 = Release|Any CPU
	EndGlobalSection
	GlobalSection(SolutionProperties) = preSolution
		HideSolutionNode = FALSE
	EndGlobalSection
	GlobalSection(ExtensibilityGlobals) = postSolution
		SolutionGuid = {220C5EA3-1A3F-4A44-B7A4-BD187C9A7748}
	EndGlobalSection
EndGlobal
