
Microsoft Visual Studio Solution File, Format Version 12.00
# Visual Studio Version 17
VisualStudioVersion = 17.14.36310.24
MinimumVisualStudioVersion = 10.0.40219.1
Project("{FAE04EC0-301F-11D3-BF4B-00C04F79EFBC}") = "UI", "UI\UI.csproj", "{BDD23128-4F54-4007-B5BB-AF833809172C}"
EndProject
Project("{FAE04EC0-301F-11D3-BF4B-00C04F79EFBC}") = "Domain", "Domain\Domain.csproj", "{0C08E11F-2856-4C60-9E36-26469FE8AB33}"
EndProject
Project("{FAE04EC0-301F-11D3-BF4B-00C04F79EFBC}") = "Infrastructure", "Infrastruktur\Infrastructure.csproj", "{8F3145FD-AEF9-4287-8257-7421C57A474E}"
EndProject
Global
	GlobalSection(SolutionConfigurationPlatforms) = preSolution
		Debug|Any CPU = Debug|Any CPU
		Release|Any CPU = Release|Any CPU
	EndGlobalSection
	GlobalSection(ProjectConfigurationPlatforms) = postSolution
		{BDD23128-4F54-4007-B5BB-AF833809172C}.Debug|Any CPU.ActiveCfg = Debug|Any CPU
		{BDD23128-4F54-4007-B5BB-AF833809172C}.Debug|Any CPU.Build.0 = Debug|Any CPU
		{BDD23128-4F54-4007-B5BB-AF833809172C}.Release|Any CPU.ActiveCfg = Release|Any CPU
		{BDD23128-4F54-4007-B5BB-AF833809172C}.Release|Any CPU.Build.0 = Release|Any CPU
		{0C08E11F-2856-4C60-9E36-26469FE8AB33}.Debug|Any CPU.ActiveCfg = Debug|Any CPU
		{0C08E11F-2856-4C60-9E36-26469FE8AB33}.Debug|Any CPU.Build.0 = Debug|Any CPU
		{0C08E11F-2856-4C60-9E36-26469FE8AB33}.Release|Any CPU.ActiveCfg = Release|Any CPU
		{0C08E11F-2856-4C60-9E36-26469FE8AB33}.Release|Any CPU.Build.0 = Release|Any CPU
		{8F3145FD-AEF9-4287-8257-7421C57A474E}.Debug|Any CPU.ActiveCfg = Debug|Any CPU
		{8F3145FD-AEF9-4287-8257-7421C57A474E}.Debug|Any CPU.Build.0 = Debug|Any CPU
		{8F3145FD-AEF9-4287-8257-7421C57A474E}.Release|Any CPU.ActiveCfg = Release|Any CPU
		{8F3145FD-AEF9-4287-8257-7421C57A474E}.Release|Any CPU.Build.0 = Release|Any CPU
	EndGlobalSection
	GlobalSection(SolutionProperties) = preSolution
		HideSolutionNode = FALSE
	EndGlobalSection
	GlobalSection(ExtensibilityGlobals) = postSolution
		SolutionGuid = {220C5EA3-1A3F-4A44-B7A4-BD187C9A7748}
	EndGlobalSection
EndGlobal
